
Microsoft Visual Studio Solution File, Format Version 12.00
# Visual Studio Version 16
VisualStudioVersion = 16.0.29613.14
MinimumVisualStudioVersion = 10.0.40219.1
Project("{FAE04EC0-301F-11D3-BF4B-00C04F79EFBC}") = "Assignment", "Assignment.csproj", "{BEF6163C-CF7F-4183-89B0-0583CECC1446}"
EndProject
Global
	GlobalSection(SolutionConfigurationPlatforms) = preSolution
		Debug|Any CPU = Debug|Any CPU
		Release|Any CPU = Release|Any CPU
	EndGlobalSection
	GlobalSection(ProjectConfigurationPlatforms) = postSolution
		{BEF6163C-CF7F-4183-89B0-0583CECC1446}.Debug|Any CPU.ActiveCfg = Debug|Any CPU
		{BEF6163C-CF7F-4183-89B0-0583CECC1446}.Debug|Any CPU.Build.0 = Debug|Any CPU
		{BEF6163C-CF7F-4183-89B0-0583CECC1446}.Release|Any CPU.ActiveCfg = Release|Any CPU
		{BEF6163C-CF7F-4183-89B0-0583CECC1446}.Release|Any CPU.Build.0 = Release|Any CPU
	EndGlobalSection
	GlobalSection(SolutionProperties) = preSolution
		HideSolutionNode = FALSE
	EndGlobalSection
	GlobalSection(ExtensibilityGlobals) = postSolution
		SolutionGuid = {46EFB3B6-3509-498D-9C8F-D736461EA138}
	EndGlobalSection
EndGlobal
