
Microsoft Visual Studio Solution File, Format Version 12.00
# Visual Studio Version 16
VisualStudioVersion = 16.0.29613.14
MinimumVisualStudioVersion = 10.0.40219.1
Project("{FAE04EC0-301F-11D3-BF4B-00C04F79EFBC}") = "DeliveryDetails", "DeliveryDetails.csproj", "{4456C8B5-932A-4119-A9CC-51D676DC33CC}"
EndProject
Global
	GlobalSection(SolutionConfigurationPlatforms) = preSolution
		Debug|Any CPU = Debug|Any CPU
		Release|Any CPU = Release|Any CPU
	EndGlobalSection
	GlobalSection(ProjectConfigurationPlatforms) = postSolution
		{4456C8B5-932A-4119-A9CC-51D676DC33CC}.Debug|Any CPU.ActiveCfg = Debug|Any CPU
		{4456C8B5-932A-4119-A9CC-51D676DC33CC}.Debug|Any CPU.Build.0 = Debug|Any CPU
		{4456C8B5-932A-4119-A9CC-51D676DC33CC}.Release|Any CPU.ActiveCfg = Release|Any CPU
		{4456C8B5-932A-4119-A9CC-51D676DC33CC}.Release|Any CPU.Build.0 = Release|Any CPU
	EndGlobalSection
	GlobalSection(SolutionProperties) = preSolution
		HideSolutionNode = FALSE
	EndGlobalSection
	GlobalSection(ExtensibilityGlobals) = postSolution
		SolutionGuid = {A00FFD89-C3D7-48B6-98E4-9D2152CC5F7E}
	EndGlobalSection
EndGlobal
